
Microsoft Visual Studio Solution File, Format Version 12.00
# Visual Studio Version 17
VisualStudioVersion = 17.8.34408.163
MinimumVisualStudioVersion = 10.0.40219.1
Project("{9A19103F-16F7-4668-BE54-9A1E7A4F7556}") = "Server", "Server\Server.csproj", "{BC714520-3050-44BC-AF65-CC768921D500}"
EndProject
Project("{54A90642-561A-4BB1-A94E-469ADEE60C69}") = "Client", "Client\Client.esproj", "{B20689DE-A516-49CC-A6D8-BF9298FADFA2}"
EndProject
Project("{00D1A9C2-B5F0-4AF3-8072-F6C62B433612}") = "Database", "Database\Database.sqlproj", "{2BD0A03C-D85E-45A3-828B-FBDCFCCACFFD}"
EndProject
Global
	GlobalSection(SolutionConfigurationPlatforms) = preSolution
		Debug|Any CPU = Debug|Any CPU
		Release|Any CPU = Release|Any CPU
	EndGlobalSection
	GlobalSection(ProjectConfigurationPlatforms) = postSolution
		{BC714520-3050-44BC-AF65-CC768921D500}.Debug|Any CPU.ActiveCfg = Debug|Any CPU
		{BC714520-3050-44BC-AF65-CC768921D500}.Debug|Any CPU.Build.0 = Debug|Any CPU
		{BC714520-3050-44BC-AF65-CC768921D500}.Release|Any CPU.ActiveCfg = Release|Any CPU
		{BC714520-3050-44BC-AF65-CC768921D500}.Release|Any CPU.Build.0 = Release|Any CPU
		{B20689DE-A516-49CC-A6D8-BF9298FADFA2}.Debug|Any CPU.ActiveCfg = Debug|Any CPU
		{B20689DE-A516-49CC-A6D8-BF9298FADFA2}.Debug|Any CPU.Build.0 = Debug|Any CPU
		{B20689DE-A516-49CC-A6D8-BF9298FADFA2}.Debug|Any CPU.Deploy.0 = Debug|Any CPU
		{B20689DE-A516-49CC-A6D8-BF9298FADFA2}.Release|Any CPU.ActiveCfg = Release|Any CPU
		{B20689DE-A516-49CC-A6D8-BF9298FADFA2}.Release|Any CPU.Build.0 = Release|Any CPU
		{B20689DE-A516-49CC-A6D8-BF9298FADFA2}.Release|Any CPU.Deploy.0 = Release|Any CPU
		{2BD0A03C-D85E-45A3-828B-FBDCFCCACFFD}.Debug|Any CPU.ActiveCfg = Debug|Any CPU
		{2BD0A03C-D85E-45A3-828B-FBDCFCCACFFD}.Debug|Any CPU.Build.0 = Debug|Any CPU
		{2BD0A03C-D85E-45A3-828B-FBDCFCCACFFD}.Debug|Any CPU.Deploy.0 = Debug|Any CPU
		{2BD0A03C-D85E-45A3-828B-FBDCFCCACFFD}.Release|Any CPU.ActiveCfg = Release|Any CPU
		{2BD0A03C-D85E-45A3-828B-FBDCFCCACFFD}.Release|Any CPU.Build.0 = Release|Any CPU
		{2BD0A03C-D85E-45A3-828B-FBDCFCCACFFD}.Release|Any CPU.Deploy.0 = Release|Any CPU
	EndGlobalSection
	GlobalSection(SolutionProperties) = preSolution
		HideSolutionNode = FALSE
	EndGlobalSection
	GlobalSection(ExtensibilityGlobals) = postSolution
		SolutionGuid = {CEAB5468-EE31-428D-9E9C-39DBB1220A12}
	EndGlobalSection
EndGlobal
